
Microsoft Visual Studio Solution File, Format Version 12.00
# Visual Studio Version 16
VisualStudioVersion = 16.0.32002.261
MinimumVisualStudioVersion = 10.0.40219.1
Project("{8BC9CEB8-8B4A-11D0-8D11-00A0C91BC942}") = "Bossa", "Bossa.vcxproj", "{51FD357A-201B-79B1-66FC-17DB8D3027E6}"
EndProject
Global
	GlobalSection(SolutionConfigurationPlatforms) = preSolution
		bossac-Debug|Win32 = bossac-Debug|Win32
		bossac-Debug|x64 = bossac-Debug|x64
		bossac-Release|Win32 = bossac-Release|Win32
		bossac-Release|x64 = bossac-Release|x64
		Debug|Win32 = Debug|Win32
		Debug|x64 = Debug|x64
		Release|Win32 = Release|Win32
		Release|x64 = Release|x64
	EndGlobalSection
	GlobalSection(ProjectConfigurationPlatforms) = postSolution
		{51FD357A-201B-79B1-66FC-17DB8D3027E6}.bossac-Debug|Win32.ActiveCfg = bossac-Debug|Win32
		{51FD357A-201B-79B1-66FC-17DB8D3027E6}.bossac-Debug|Win32.Build.0 = bossac-Debug|Win32
		{51FD357A-201B-79B1-66FC-17DB8D3027E6}.bossac-Debug|x64.ActiveCfg = bossac-Debug|x64
		{51FD357A-201B-79B1-66FC-17DB8D3027E6}.bossac-Debug|x64.Build.0 = bossac-Debug|x64
		{51FD357A-201B-79B1-66FC-17DB8D3027E6}.bossac-Release|Win32.ActiveCfg = bossac-Release|Win32
		{51FD357A-201B-79B1-66FC-17DB8D3027E6}.bossac-Release|Win32.Build.0 = bossac-Release|Win32
		{51FD357A-201B-79B1-66FC-17DB8D3027E6}.bossac-Release|x64.ActiveCfg = bossac-Release|x64
		{51FD357A-201B-79B1-66FC-17DB8D3027E6}.bossac-Release|x64.Build.0 = bossac-Release|x64
		{51FD357A-201B-79B1-66FC-17DB8D3027E6}.Debug|Win32.ActiveCfg = Debug|Win32
		{51FD357A-201B-79B1-66FC-17DB8D3027E6}.Debug|Win32.Build.0 = Debug|Win32
		{51FD357A-201B-79B1-66FC-17DB8D3027E6}.Debug|x64.ActiveCfg = Debug|x64
		{51FD357A-201B-79B1-66FC-17DB8D3027E6}.Debug|x64.Build.0 = Debug|x64
		{51FD357A-201B-79B1-66FC-17DB8D3027E6}.Release|Win32.ActiveCfg = Release|Win32
		{51FD357A-201B-79B1-66FC-17DB8D3027E6}.Release|Win32.Build.0 = Release|Win32
		{51FD357A-201B-79B1-66FC-17DB8D3027E6}.Release|x64.ActiveCfg = Release|x64
		{51FD357A-201B-79B1-66FC-17DB8D3027E6}.Release|x64.Build.0 = Release|x64
	EndGlobalSection
	GlobalSection(SolutionProperties) = preSolution
		HideSolutionNode = FALSE
	EndGlobalSection
	GlobalSection(ExtensibilityGlobals) = postSolution
		SolutionGuid = {B309DC9E-03CE-4FAD-9EE3-8AC9318C2FF8}
	EndGlobalSection
EndGlobal
